// !$*UTF8*$!
{
	archiveVersion = 1;
	classes = {
	};
	objectVersion = 46;
	objects = {

/* Begin PBXBuildFile section */
		03998CE2820F8104C5B4CDFE /* Pods_BBCodeCoverageUITests.framework in Frameworks */ = {isa = PBXBuildFile; fileRef = 5057BF8958A38173B252B256 /* Pods_BBCodeCoverageUITests.framework */; };
		0D37BE8ADEABF7488B7035B2 /* Pods_BBCodeCoverageTests.framework in Frameworks */ = {isa = PBXBuildFile; fileRef = AC3335124286FE3ABF15AAD9 /* Pods_BBCodeCoverageTests.framework */; };
		644A914F1E43FF3C0060F6E1 /* AppDelegate.swift in Sources */ = {isa = PBXBuildFile; fileRef = 644A914E1E43FF3C0060F6E1 /* AppDelegate.swift */; };
		644A91511E43FF3C0060F6E1 /* ViewController.swift in Sources */ = {isa = PBXBuildFile; fileRef = 644A91501E43FF3C0060F6E1 /* ViewController.swift */; };
		644A91541E43FF3C0060F6E1 /* Main.storyboard in Resources */ = {isa = PBXBuildFile; fileRef = 644A91521E43FF3C0060F6E1 /* Main.storyboard */; };
		644A91561E43FF3C0060F6E1 /* Assets.xcassets in Resources */ = {isa = PBXBuildFile; fileRef = 644A91551E43FF3C0060F6E1 /* Assets.xcassets */; };
		644A91591E43FF3C0060F6E1 /* LaunchScreen.storyboard in Resources */ = {isa = PBXBuildFile; fileRef = 644A91571E43FF3C0060F6E1 /* LaunchScreen.storyboard */; };
		644A91641E43FF3C0060F6E1 /* BBCodeCoverageTests.swift in Sources */ = {isa = PBXBuildFile; fileRef = 644A91631E43FF3C0060F6E1 /* BBCodeCoverageTests.swift */; };
		644A916F1E43FF3C0060F6E1 /* BBCodeCoverageUITests.swift in Sources */ = {isa = PBXBuildFile; fileRef = 644A916E1E43FF3C0060F6E1 /* BBCodeCoverageUITests.swift */; };
		AA3DBFE16F274653FF930B55 /* Pods_BBCodeCoverage.framework in Frameworks */ = {isa = PBXBuildFile; fileRef = 9DEBBF908480C52E6ABFE26A /* Pods_BBCodeCoverage.framework */; };
/* End PBXBuildFile section */

/* Begin PBXContainerItemProxy section */
		644A91601E43FF3C0060F6E1 /* PBXContainerItemProxy */ = {
			isa = PBXContainerItemProxy;
			containerPortal = 644A91431E43FF3C0060F6E1 /* Project object */;
			proxyType = 1;
			remoteGlobalIDString = 644A914A1E43FF3C0060F6E1;
			remoteInfo = BBCodeCoverage;
		};
		644A916B1E43FF3C0060F6E1 /* PBXContainerItemProxy */ = {
			isa = PBXContainerItemProxy;
			containerPortal = 644A91431E43FF3C0060F6E1 /* Project object */;
			proxyType = 1;
			remoteGlobalIDString = 644A914A1E43FF3C0060F6E1;
			remoteInfo = BBCodeCoverage;
		};
/* End PBXContainerItemProxy section */

/* Begin PBXFileReference section */
		45B248065447F859418FC504 /* Pods-BBCodeCoverageTests.release.xcconfig */ = {isa = PBXFileReference; includeInIndex = 1; lastKnownFileType = text.xcconfig; name = "Pods-BBCodeCoverageTests.release.xcconfig"; path = "Pods/Target Support Files/Pods-BBCodeCoverageTests/Pods-BBCodeCoverageTests.release.xcconfig"; sourceTree = "<group>"; };
		5057BF8958A38173B252B256 /* Pods_BBCodeCoverageUITests.framework */ = {isa = PBXFileReference; explicitFileType = wrapper.framework; includeInIndex = 0; path = Pods_BBCodeCoverageUITests.framework; sourceTree = BUILT_PRODUCTS_DIR; };
		644A914B1E43FF3C0060F6E1 /* BBCodeCoverage.app */ = {isa = PBXFileReference; explicitFileType = wrapper.application; includeInIndex = 0; path = BBCodeCoverage.app; sourceTree = BUILT_PRODUCTS_DIR; };
		644A914E1E43FF3C0060F6E1 /* AppDelegate.swift */ = {isa = PBXFileReference; lastKnownFileType = sourcecode.swift; path = AppDelegate.swift; sourceTree = "<group>"; };
		644A91501E43FF3C0060F6E1 /* ViewController.swift */ = {isa = PBXFileReference; lastKnownFileType = sourcecode.swift; path = ViewController.swift; sourceTree = "<group>"; };
		644A91531E43FF3C0060F6E1 /* Base */ = {isa = PBXFileReference; lastKnownFileType = file.storyboard; name = Base; path = Base.lproj/Main.storyboard; sourceTree = "<group>"; };
		644A91551E43FF3C0060F6E1 /* Assets.xcassets */ = {isa = PBXFileReference; lastKnownFileType = folder.assetcatalog; path = Assets.xcassets; sourceTree = "<group>"; };
		644A91581E43FF3C0060F6E1 /* Base */ = {isa = PBXFileReference; lastKnownFileType = file.storyboard; name = Base; path = Base.lproj/LaunchScreen.storyboard; sourceTree = "<group>"; };
		644A915A1E43FF3C0060F6E1 /* Info.plist */ = {isa = PBXFileReference; lastKnownFileType = text.plist.xml; path = Info.plist; sourceTree = "<group>"; };
		644A915F1E43FF3C0060F6E1 /* BBCodeCoverageTests.xctest */ = {isa = PBXFileReference; explicitFileType = wrapper.cfbundle; includeInIndex = 0; path = BBCodeCoverageTests.xctest; sourceTree = BUILT_PRODUCTS_DIR; };
		644A91631E43FF3C0060F6E1 /* BBCodeCoverageTests.swift */ = {isa = PBXFileReference; lastKnownFileType = sourcecode.swift; path = BBCodeCoverageTests.swift; sourceTree = "<group>"; };
		644A91651E43FF3C0060F6E1 /* Info.plist */ = {isa = PBXFileReference; lastKnownFileType = text.plist.xml; path = Info.plist; sourceTree = "<group>"; };
		644A916A1E43FF3C0060F6E1 /* BBCodeCoverageUITests.xctest */ = {isa = PBXFileReference; explicitFileType = wrapper.cfbundle; includeInIndex = 0; path = BBCodeCoverageUITests.xctest; sourceTree = BUILT_PRODUCTS_DIR; };
		644A916E1E43FF3C0060F6E1 /* BBCodeCoverageUITests.swift */ = {isa = PBXFileReference; lastKnownFileType = sourcecode.swift; path = BBCodeCoverageUITests.swift; sourceTree = "<group>"; };
		644A91701E43FF3C0060F6E1 /* Info.plist */ = {isa = PBXFileReference; lastKnownFileType = text.plist.xml; path = Info.plist; sourceTree = "<group>"; };
		6D9ABE7C32331CFC3D139E22 /* Pods-BBCodeCoverage.debug.xcconfig */ = {isa = PBXFileReference; includeInIndex = 1; lastKnownFileType = text.xcconfig; name = "Pods-BBCodeCoverage.debug.xcconfig"; path = "Pods/Target Support Files/Pods-BBCodeCoverage/Pods-BBCodeCoverage.debug.xcconfig"; sourceTree = "<group>"; };
		854B084B2B97B7A4E80F8CBA /* Pods-BBCodeCoverageUITests.release.xcconfig */ = {isa = PBXFileReference; includeInIndex = 1; lastKnownFileType = text.xcconfig; name = "Pods-BBCodeCoverageUITests.release.xcconfig"; path = "Pods/Target Support Files/Pods-BBCodeCoverageUITests/Pods-BBCodeCoverageUITests.release.xcconfig"; sourceTree = "<group>"; };
		9512843BE2A141787157F471 /* Pods-BBCodeCoverageUITests.debug.xcconfig */ = {isa = PBXFileReference; includeInIndex = 1; lastKnownFileType = text.xcconfig; name = "Pods-BBCodeCoverageUITests.debug.xcconfig"; path = "Pods/Target Support Files/Pods-BBCodeCoverageUITests/Pods-BBCodeCoverageUITests.debug.xcconfig"; sourceTree = "<group>"; };
		9DEBBF908480C52E6ABFE26A /* Pods_BBCodeCoverage.framework */ = {isa = PBXFileReference; explicitFileType = wrapper.framework; includeInIndex = 0; path = Pods_BBCodeCoverage.framework; sourceTree = BUILT_PRODUCTS_DIR; };
		AC3335124286FE3ABF15AAD9 /* Pods_BBCodeCoverageTests.framework */ = {isa = PBXFileReference; explicitFileType = wrapper.framework; includeInIndex = 0; path = Pods_BBCodeCoverageTests.framework; sourceTree = BUILT_PRODUCTS_DIR; };
		DCD3DA294A6E3C59432388EF /* Pods-BBCodeCoverage.release.xcconfig */ = {isa = PBXFileReference; includeInIndex = 1; lastKnownFileType = text.xcconfig; name = "Pods-BBCodeCoverage.release.xcconfig"; path = "Pods/Target Support Files/Pods-BBCodeCoverage/Pods-BBCodeCoverage.release.xcconfig"; sourceTree = "<group>"; };
		F4A358C14A927AB7AE5C592D /* Pods-BBCodeCoverageTests.debug.xcconfig */ = {isa = PBXFileReference; includeInIndex = 1; lastKnownFileType = text.xcconfig; name = "Pods-BBCodeCoverageTests.debug.xcconfig"; path = "Pods/Target Support Files/Pods-BBCodeCoverageTests/Pods-BBCodeCoverageTests.debug.xcconfig"; sourceTree = "<group>"; };
/* End PBXFileReference section */

/* Begin PBXFrameworksBuildPhase section */
		644A91481E43FF3C0060F6E1 /* Frameworks */ = {
			isa = PBXFrameworksBuildPhase;
			buildActionMask = 2147483647;
			files = (
				AA3DBFE16F274653FF930B55 /* Pods_BBCodeCoverage.framework in Frameworks */,
			);
			runOnlyForDeploymentPostprocessing = 0;
		};
		644A915C1E43FF3C0060F6E1 /* Frameworks */ = {
			isa = PBXFrameworksBuildPhase;
			buildActionMask = 2147483647;
			files = (
				0D37BE8ADEABF7488B7035B2 /* Pods_BBCodeCoverageTests.framework in Frameworks */,
			);
			runOnlyForDeploymentPostprocessing = 0;
		};
		644A91671E43FF3C0060F6E1 /* Frameworks */ = {
			isa = PBXFrameworksBuildPhase;
			buildActionMask = 2147483647;
			files = (
				03998CE2820F8104C5B4CDFE /* Pods_BBCodeCoverageUITests.framework in Frameworks */,
			);
			runOnlyForDeploymentPostprocessing = 0;
		};
/* End PBXFrameworksBuildPhase section */

/* Begin PBXGroup section */
		5A433889F11EC8139E7C12CA /* Pods */ = {
			isa = PBXGroup;
			children = (
				6D9ABE7C32331CFC3D139E22 /* Pods-BBCodeCoverage.debug.xcconfig */,
				DCD3DA294A6E3C59432388EF /* Pods-BBCodeCoverage.release.xcconfig */,
				F4A358C14A927AB7AE5C592D /* Pods-BBCodeCoverageTests.debug.xcconfig */,
				45B248065447F859418FC504 /* Pods-BBCodeCoverageTests.release.xcconfig */,
				9512843BE2A141787157F471 /* Pods-BBCodeCoverageUITests.debug.xcconfig */,
				854B084B2B97B7A4E80F8CBA /* Pods-BBCodeCoverageUITests.release.xcconfig */,
			);
			name = Pods;
			sourceTree = "<group>";
		};
		644A91421E43FF3C0060F6E1 = {
			isa = PBXGroup;
			children = (
				644A914D1E43FF3C0060F6E1 /* BBCodeCoverage */,
				644A91621E43FF3C0060F6E1 /* BBCodeCoverageTests */,
				644A916D1E43FF3C0060F6E1 /* BBCodeCoverageUITests */,
				644A914C1E43FF3C0060F6E1 /* Products */,
				5A433889F11EC8139E7C12CA /* Pods */,
				E63D46711BC3A872216125DA /* Frameworks */,
			);
			sourceTree = "<group>";
		};
		644A914C1E43FF3C0060F6E1 /* Products */ = {
			isa = PBXGroup;
			children = (
				644A914B1E43FF3C0060F6E1 /* BBCodeCoverage.app */,
				644A915F1E43FF3C0060F6E1 /* BBCodeCoverageTests.xctest */,
				644A916A1E43FF3C0060F6E1 /* BBCodeCoverageUITests.xctest */,
			);
			name = Products;
			sourceTree = "<group>";
		};
		644A914D1E43FF3C0060F6E1 /* BBCodeCoverage */ = {
			isa = PBXGroup;
			children = (
				644A914E1E43FF3C0060F6E1 /* AppDelegate.swift */,
				644A91501E43FF3C0060F6E1 /* ViewController.swift */,
				644A91521E43FF3C0060F6E1 /* Main.storyboard */,
				644A91551E43FF3C0060F6E1 /* Assets.xcassets */,
				644A91571E43FF3C0060F6E1 /* LaunchScreen.storyboard */,
				644A915A1E43FF3C0060F6E1 /* Info.plist */,
			);
			path = BBCodeCoverage;
			sourceTree = "<group>";
		};
		644A91621E43FF3C0060F6E1 /* BBCodeCoverageTests */ = {
			isa = PBXGroup;
			children = (
				644A91631E43FF3C0060F6E1 /* BBCodeCoverageTests.swift */,
				644A91651E43FF3C0060F6E1 /* Info.plist */,
			);
			path = BBCodeCoverageTests;
			sourceTree = "<group>";
		};
		644A916D1E43FF3C0060F6E1 /* BBCodeCoverageUITests */ = {
			isa = PBXGroup;
			children = (
				644A916E1E43FF3C0060F6E1 /* BBCodeCoverageUITests.swift */,
				644A91701E43FF3C0060F6E1 /* Info.plist */,
			);
			path = BBCodeCoverageUITests;
			sourceTree = "<group>";
		};
		E63D46711BC3A872216125DA /* Frameworks */ = {
			isa = PBXGroup;
			children = (
				9DEBBF908480C52E6ABFE26A /* Pods_BBCodeCoverage.framework */,
				AC3335124286FE3ABF15AAD9 /* Pods_BBCodeCoverageTests.framework */,
				5057BF8958A38173B252B256 /* Pods_BBCodeCoverageUITests.framework */,
			);
			name = Frameworks;
			sourceTree = "<group>";
		};
/* End PBXGroup section */

/* Begin PBXNativeTarget section */
		644A914A1E43FF3C0060F6E1 /* BBCodeCoverage */ = {
			isa = PBXNativeTarget;
			buildConfigurationList = 644A91731E43FF3C0060F6E1 /* Build configuration list for PBXNativeTarget "BBCodeCoverage" */;
			buildPhases = (
				7714F400A6D8CBBF53AC292F /* [CP] Check Pods Manifest.lock */,
				644A91471E43FF3C0060F6E1 /* Sources */,
				644A91481E43FF3C0060F6E1 /* Frameworks */,
				644A91491E43FF3C0060F6E1 /* Resources */,
				0AB3F4BB29EA2C8DFBE2A9DB /* [CP] Embed Pods Frameworks */,
				C87E2EA47DC7B9BA15BAA703 /* [CP] Copy Pods Resources */,
			);
			buildRules = (
			);
			dependencies = (
			);
			name = BBCodeCoverage;
			productName = BBCodeCoverage;
			productReference = 644A914B1E43FF3C0060F6E1 /* BBCodeCoverage.app */;
			productType = "com.apple.product-type.application";
		};
		644A915E1E43FF3C0060F6E1 /* BBCodeCoverageTests */ = {
			isa = PBXNativeTarget;
			buildConfigurationList = 644A91761E43FF3C0060F6E1 /* Build configuration list for PBXNativeTarget "BBCodeCoverageTests" */;
			buildPhases = (
				C5AD6F5724C8427938F877D7 /* [CP] Check Pods Manifest.lock */,
				644A915B1E43FF3C0060F6E1 /* Sources */,
				644A915C1E43FF3C0060F6E1 /* Frameworks */,
				644A915D1E43FF3C0060F6E1 /* Resources */,
				5D4E33D075A94E138D801520 /* [CP] Embed Pods Frameworks */,
				F95352539064ED975014571E /* [CP] Copy Pods Resources */,
			);
			buildRules = (
			);
			dependencies = (
				644A91611E43FF3C0060F6E1 /* PBXTargetDependency */,
			);
			name = BBCodeCoverageTests;
			productName = BBCodeCoverageTests;
			productReference = 644A915F1E43FF3C0060F6E1 /* BBCodeCoverageTests.xctest */;
			productType = "com.apple.product-type.bundle.unit-test";
		};
		644A91691E43FF3C0060F6E1 /* BBCodeCoverageUITests */ = {
			isa = PBXNativeTarget;
			buildConfigurationList = 644A91791E43FF3C0060F6E1 /* Build configuration list for PBXNativeTarget "BBCodeCoverageUITests" */;
			buildPhases = (
				5C8BA1794B9CB3DA0B792FA7 /* [CP] Check Pods Manifest.lock */,
				644A91661E43FF3C0060F6E1 /* Sources */,
				644A91671E43FF3C0060F6E1 /* Frameworks */,
				644A91681E43FF3C0060F6E1 /* Resources */,
				853A448A8E9533C62FC03DB8 /* [CP] Embed Pods Frameworks */,
				43BE6CB23A9A74CC27610972 /* [CP] Copy Pods Resources */,
			);
			buildRules = (
			);
			dependencies = (
				644A916C1E43FF3C0060F6E1 /* PBXTargetDependency */,
			);
			name = BBCodeCoverageUITests;
			productName = BBCodeCoverageUITests;
			productReference = 644A916A1E43FF3C0060F6E1 /* BBCodeCoverageUITests.xctest */;
			productType = "com.apple.product-type.bundle.ui-testing";
		};
/* End PBXNativeTarget section */

/* Begin PBXProject section */
		644A91431E43FF3C0060F6E1 /* Project object */ = {
			isa = PBXProject;
			attributes = {
				LastSwiftUpdateCheck = 0820;
				LastUpgradeCheck = 0820;
				ORGANIZATIONNAME = "David Lam";
				TargetAttributes = {
					644A914A1E43FF3C0060F6E1 = {
						CreatedOnToolsVersion = 8.2.1;
						DevelopmentTeam = ZTV6QXXYAS;
						ProvisioningStyle = Automatic;
					};
					644A915E1E43FF3C0060F6E1 = {
						CreatedOnToolsVersion = 8.2.1;
						DevelopmentTeam = ZTV6QXXYAS;
						ProvisioningStyle = Automatic;
						TestTargetID = 644A914A1E43FF3C0060F6E1;
					};
					644A91691E43FF3C0060F6E1 = {
						CreatedOnToolsVersion = 8.2.1;
						DevelopmentTeam = ZTV6QXXYAS;
						ProvisioningStyle = Automatic;
						TestTargetID = 644A914A1E43FF3C0060F6E1;
					};
				};
			};
			buildConfigurationList = 644A91461E43FF3C0060F6E1 /* Build configuration list for PBXProject "BBCodeCoverage" */;
			compatibilityVersion = "Xcode 3.2";
			developmentRegion = English;
			hasScannedForEncodings = 0;
			knownRegions = (
				en,
				Base,
			);
			mainGroup = 644A91421E43FF3C0060F6E1;
			productRefGroup = 644A914C1E43FF3C0060F6E1 /* Products */;
			projectDirPath = "";
			projectRoot = "";
			targets = (
				644A914A1E43FF3C0060F6E1 /* BBCodeCoverage */,
				644A915E1E43FF3C0060F6E1 /* BBCodeCoverageTests */,
				644A91691E43FF3C0060F6E1 /* BBCodeCoverageUITests */,
			);
		};
/* End PBXProject section */

/* Begin PBXResourcesBuildPhase section */
		644A91491E43FF3C0060F6E1 /* Resources */ = {
			isa = PBXResourcesBuildPhase;
			buildActionMask = 2147483647;
			files = (
				644A91591E43FF3C0060F6E1 /* LaunchScreen.storyboard in Resources */,
				644A91561E43FF3C0060F6E1 /* Assets.xcassets in Resources */,
				644A91541E43FF3C0060F6E1 /* Main.storyboard in Resources */,
			);
			runOnlyForDeploymentPostprocessing = 0;
		};
		644A915D1E43FF3C0060F6E1 /* Resources */ = {
			isa = PBXResourcesBuildPhase;
			buildActionMask = 2147483647;
			files = (
			);
			runOnlyForDeploymentPostprocessing = 0;
		};
		644A91681E43FF3C0060F6E1 /* Resources */ = {
			isa = PBXResourcesBuildPhase;
			buildActionMask = 2147483647;
			files = (
			);
			runOnlyForDeploymentPostprocessing = 0;
		};
/* End PBXResourcesBuildPhase section */

/* Begin PBXShellScriptBuildPhase section */
		0AB3F4BB29EA2C8DFBE2A9DB /* [CP] Embed Pods Frameworks */ = {
			isa = PBXShellScriptBuildPhase;
			buildActionMask = 2147483647;
			files = (
			);
			inputPaths = (
			);
			name = "[CP] Embed Pods Frameworks";
			outputPaths = (
			);
			runOnlyForDeploymentPostprocessing = 0;
			shellPath = /bin/sh;
			shellScript = "\"${SRCROOT}/Pods/Target Support Files/Pods-BBCodeCoverage/Pods-BBCodeCoverage-frameworks.sh\"\n";
			showEnvVarsInLog = 0;
		};
		43BE6CB23A9A74CC27610972 /* [CP] Copy Pods Resources */ = {
			isa = PBXShellScriptBuildPhase;
			buildActionMask = 2147483647;
			files = (
			);
			inputPaths = (
			);
			name = "[CP] Copy Pods Resources";
			outputPaths = (
			);
			runOnlyForDeploymentPostprocessing = 0;
			shellPath = /bin/sh;
			shellScript = "\"${SRCROOT}/Pods/Target Support Files/Pods-BBCodeCoverageUITests/Pods-BBCodeCoverageUITests-resources.sh\"\n";
			showEnvVarsInLog = 0;
		};
		5C8BA1794B9CB3DA0B792FA7 /* [CP] Check Pods Manifest.lock */ = {
			isa = PBXShellScriptBuildPhase;
			buildActionMask = 2147483647;
			files = (
			);
			inputPaths = (
			);
			name = "[CP] Check Pods Manifest.lock";
			outputPaths = (
			);
			runOnlyForDeploymentPostprocessing = 0;
			shellPath = /bin/sh;
			shellScript = "diff \"${PODS_ROOT}/../Podfile.lock\" \"${PODS_ROOT}/Manifest.lock\" > /dev/null\nif [ $? != 0 ] ; then\n    # print error to STDERR\n    echo \"error: The sandbox is not in sync with the Podfile.lock. Run 'pod install' or update your CocoaPods installation.\" >&2\n    exit 1\nfi\n";
			showEnvVarsInLog = 0;
		};
		5D4E33D075A94E138D801520 /* [CP] Embed Pods Frameworks */ = {
			isa = PBXShellScriptBuildPhase;
			buildActionMask = 2147483647;
			files = (
			);
			inputPaths = (
			);
			name = "[CP] Embed Pods Frameworks";
			outputPaths = (
			);
			runOnlyForDeploymentPostprocessing = 0;
			shellPath = /bin/sh;
			shellScript = "\"${SRCROOT}/Pods/Target Support Files/Pods-BBCodeCoverageTests/Pods-BBCodeCoverageTests-frameworks.sh\"\n";
			showEnvVarsInLog = 0;
		};
		7714F400A6D8CBBF53AC292F /* [CP] Check Pods Manifest.lock */ = {
			isa = PBXShellScriptBuildPhase;
			buildActionMask = 2147483647;
			files = (
			);
			inputPaths = (
			);
			name = "[CP] Check Pods Manifest.lock";
			outputPaths = (
			);
			runOnlyForDeploymentPostprocessing = 0;
			shellPath = /bin/sh;
			shellScript = "diff \"${PODS_ROOT}/../Podfile.lock\" \"${PODS_ROOT}/Manifest.lock\" > /dev/null\nif [ $? != 0 ] ; then\n    # print error to STDERR\n    echo \"error: The sandbox is not in sync with the Podfile.lock. Run 'pod install' or update your CocoaPods installation.\" >&2\n    exit 1\nfi\n";
			showEnvVarsInLog = 0;
		};
		853A448A8E9533C62FC03DB8 /* [CP] Embed Pods Frameworks */ = {
			isa = PBXShellScriptBuildPhase;
			buildActionMask = 2147483647;
			files = (
			);
			inputPaths = (
			);
			name = "[CP] Embed Pods Frameworks";
			outputPaths = (
			);
			runOnlyForDeploymentPostprocessing = 0;
			shellPath = /bin/sh;
			shellScript = "\"${SRCROOT}/Pods/Target Support Files/Pods-BBCodeCoverageUITests/Pods-BBCodeCoverageUITests-frameworks.sh\"\n";
			showEnvVarsInLog = 0;
		};
		C5AD6F5724C8427938F877D7 /* [CP] Check Pods Manifest.lock */ = {
			isa = PBXShellScriptBuildPhase;
			buildActionMask = 2147483647;
			files = (
			);
			inputPaths = (
			);
			name = "[CP] Check Pods Manifest.lock";
			outputPaths = (
			);
			runOnlyForDeploymentPostprocessing = 0;
			shellPath = /bin/sh;
			shellScript = "diff \"${PODS_ROOT}/../Podfile.lock\" \"${PODS_ROOT}/Manifest.lock\" > /dev/null\nif [ $? != 0 ] ; then\n    # print error to STDERR\n    echo \"error: The sandbox is not in sync with the Podfile.lock. Run 'pod install' or update your CocoaPods installation.\" >&2\n    exit 1\nfi\n";
			showEnvVarsInLog = 0;
		};
		C87E2EA47DC7B9BA15BAA703 /* [CP] Copy Pods Resources */ = {
			isa = PBXShellScriptBuildPhase;
			buildActionMask = 2147483647;
			files = (
			);
			inputPaths = (
			);
			name = "[CP] Copy Pods Resources";
			outputPaths = (
			);
			runOnlyForDeploymentPostprocessing = 0;
			shellPath = /bin/sh;
			shellScript = "\"${SRCROOT}/Pods/Target Support Files/Pods-BBCodeCoverage/Pods-BBCodeCoverage-resources.sh\"\n";
			showEnvVarsInLog = 0;
		};
		F95352539064ED975014571E /* [CP] Copy Pods Resources */ = {
			isa = PBXShellScriptBuildPhase;
			buildActionMask = 2147483647;
			files = (
			);
			inputPaths = (
			);
			name = "[CP] Copy Pods Resources";
			outputPaths = (
			);
			runOnlyForDeploymentPostprocessing = 0;
			shellPath = /bin/sh;
			shellScript = "\"${SRCROOT}/Pods/Target Support Files/Pods-BBCodeCoverageTests/Pods-BBCodeCoverageTests-resources.sh\"\n";
			showEnvVarsInLog = 0;
		};
/* End PBXShellScriptBuildPhase section */

/* Begin PBXSourcesBuildPhase section */
		644A91471E43FF3C0060F6E1 /* Sources */ = {
			isa = PBXSourcesBuildPhase;
			buildActionMask = 2147483647;
			files = (
				644A91511E43FF3C0060F6E1 /* ViewController.swift in Sources */,
				644A914F1E43FF3C0060F6E1 /* AppDelegate.swift in Sources */,
			);
			runOnlyForDeploymentPostprocessing = 0;
		};
		644A915B1E43FF3C0060F6E1 /* Sources */ = {
			isa = PBXSourcesBuildPhase;
			buildActionMask = 2147483647;
			files = (
				644A91641E43FF3C0060F6E1 /* BBCodeCoverageTests.swift in Sources */,
			);
			runOnlyForDeploymentPostprocessing = 0;
		};
		644A91661E43FF3C0060F6E1 /* Sources */ = {
			isa = PBXSourcesBuildPhase;
			buildActionMask = 2147483647;
			files = (
				644A916F1E43FF3C0060F6E1 /* BBCodeCoverageUITests.swift in Sources */,
			);
			runOnlyForDeploymentPostprocessing = 0;
		};
/* End PBXSourcesBuildPhase section */

/* Begin PBXTargetDependency section */
		644A91611E43FF3C0060F6E1 /* PBXTargetDependency */ = {
			isa = PBXTargetDependency;
			target = 644A914A1E43FF3C0060F6E1 /* BBCodeCoverage */;
			targetProxy = 644A91601E43FF3C0060F6E1 /* PBXContainerItemProxy */;
		};
		644A916C1E43FF3C0060F6E1 /* PBXTargetDependency */ = {
			isa = PBXTargetDependency;
			target = 644A914A1E43FF3C0060F6E1 /* BBCodeCoverage */;
			targetProxy = 644A916B1E43FF3C0060F6E1 /* PBXContainerItemProxy */;
		};
/* End PBXTargetDependency section */

/* Begin PBXVariantGroup section */
		644A91521E43FF3C0060F6E1 /* Main.storyboard */ = {
			isa = PBXVariantGroup;
			children = (
				644A91531E43FF3C0060F6E1 /* Base */,
			);
			name = Main.storyboard;
			sourceTree = "<group>";
		};
		644A91571E43FF3C0060F6E1 /* LaunchScreen.storyboard */ = {
			isa = PBXVariantGroup;
			children = (
				644A91581E43FF3C0060F6E1 /* Base */,
			);
			name = LaunchScreen.storyboard;
			sourceTree = "<group>";
		};
/* End PBXVariantGroup section */

/* Begin XCBuildConfiguration section */
		644A91711E43FF3C0060F6E1 /* Debug */ = {
			isa = XCBuildConfiguration;
			buildSettings = {
				ALWAYS_SEARCH_USER_PATHS = NO;
				CLANG_ANALYZER_NONNULL = YES;
				CLANG_CXX_LANGUAGE_STANDARD = "gnu++0x";
				CLANG_CXX_LIBRARY = "libc++";
				CLANG_ENABLE_MODULES = YES;
				CLANG_ENABLE_OBJC_ARC = YES;
				CLANG_WARN_BOOL_CONVERSION = YES;
				CLANG_WARN_CONSTANT_CONVERSION = YES;
				CLANG_WARN_DIRECT_OBJC_ISA_USAGE = YES_ERROR;
				CLANG_WARN_DOCUMENTATION_COMMENTS = YES;
				CLANG_WARN_EMPTY_BODY = YES;
				CLANG_WARN_ENUM_CONVERSION = YES;
				CLANG_WARN_INFINITE_RECURSION = YES;
				CLANG_WARN_INT_CONVERSION = YES;
				CLANG_WARN_OBJC_ROOT_CLASS = YES_ERROR;
				CLANG_WARN_SUSPICIOUS_MOVE = YES;
				CLANG_WARN_UNREACHABLE_CODE = YES;
				CLANG_WARN__DUPLICATE_METHOD_MATCH = YES;
				"CODE_SIGN_IDENTITY[sdk=iphoneos*]" = "iPhone Developer";
				COPY_PHASE_STRIP = NO;
				DEBUG_INFORMATION_FORMAT = dwarf;
				ENABLE_STRICT_OBJC_MSGSEND = YES;
				ENABLE_TESTABILITY = YES;
				GCC_C_LANGUAGE_STANDARD = gnu99;
				GCC_DYNAMIC_NO_PIC = NO;
				GCC_NO_COMMON_BLOCKS = YES;
				GCC_OPTIMIZATION_LEVEL = 0;
				GCC_PREPROCESSOR_DEFINITIONS = (
					"DEBUG=1",
					"$(inherited)",
				);
				GCC_WARN_64_TO_32_BIT_CONVERSION = YES;
				GCC_WARN_ABOUT_RETURN_TYPE = YES_ERROR;
				GCC_WARN_UNDECLARED_SELECTOR = YES;
				GCC_WARN_UNINITIALIZED_AUTOS = YES_AGGRESSIVE;
				GCC_WARN_UNUSED_FUNCTION = YES;
				GCC_WARN_UNUSED_VARIABLE = YES;
				IPHONEOS_DEPLOYMENT_TARGET = 10.2;
				MTL_ENABLE_DEBUG_INFO = YES;
				ONLY_ACTIVE_ARCH = YES;
				SDKROOT = iphoneos;
				SWIFT_ACTIVE_COMPILATION_CONDITIONS = DEBUG;
				SWIFT_OPTIMIZATION_LEVEL = "-Onone";
				TARGETED_DEVICE_FAMILY = "1,2";
			};
			name = Debug;
		};
		644A91721E43FF3C0060F6E1 /* Release */ = {
			isa = XCBuildConfiguration;
			buildSettings = {
				ALWAYS_SEARCH_USER_PATHS = NO;
				CLANG_ANALYZER_NONNULL = YES;
				CLANG_CXX_LANGUAGE_STANDARD = "gnu++0x";
				CLANG_CXX_LIBRARY = "libc++";
				CLANG_ENABLE_MODULES = YES;
				CLANG_ENABLE_OBJC_ARC = YES;
				CLANG_WARN_BOOL_CONVERSION = YES;
				CLANG_WARN_CONSTANT_CONVERSION = YES;
				CLANG_WARN_DIRECT_OBJC_ISA_USAGE = YES_ERROR;
				CLANG_WARN_DOCUMENTATION_COMMENTS = YES;
				CLANG_WARN_EMPTY_BODY = YES;
				CLANG_WARN_ENUM_CONVERSION = YES;
				CLANG_WARN_INFINITE_RECURSION = YES;
				CLANG_WARN_INT_CONVERSION = YES;
				CLANG_WARN_OBJC_ROOT_CLASS = YES_ERROR;
				CLANG_WARN_SUSPICIOUS_MOVE = YES;
				CLANG_WARN_UNREACHABLE_CODE = YES;
				CLANG_WARN__DUPLICATE_METHOD_MATCH = YES;
				"CODE_SIGN_IDENTITY[sdk=iphoneos*]" = "iPhone Developer";
				COPY_PHASE_STRIP = NO;
				DEBUG_INFORMATION_FORMAT = "dwarf-with-dsym";
				ENABLE_NS_ASSERTIONS = NO;
				ENABLE_STRICT_OBJC_MSGSEND = YES;
				GCC_C_LANGUAGE_STANDARD = gnu99;
				GCC_NO_COMMON_BLOCKS = YES;
				GCC_WARN_64_TO_32_BIT_CONVERSION = YES;
				GCC_WARN_ABOUT_RETURN_TYPE = YES_ERROR;
				GCC_WARN_UNDECLARED_SELECTOR = YES;
				GCC_WARN_UNINITIALIZED_AUTOS = YES_AGGRESSIVE;
				GCC_WARN_UNUSED_FUNCTION = YES;
				GCC_WARN_UNUSED_VARIABLE = YES;
				IPHONEOS_DEPLOYMENT_TARGET = 10.2;
				MTL_ENABLE_DEBUG_INFO = NO;
				SDKROOT = iphoneos;
				SWIFT_OPTIMIZATION_LEVEL = "-Owholemodule";
				TARGETED_DEVICE_FAMILY = "1,2";
				VALIDATE_PRODUCT = YES;
			};
			name = Release;
		};
		644A91741E43FF3C0060F6E1 /* Debug */ = {
			isa = XCBuildConfiguration;
			baseConfigurationReference = 6D9ABE7C32331CFC3D139E22 /* Pods-BBCodeCoverage.debug.xcconfig */;
			buildSettings = {
				ASSETCATALOG_COMPILER_APPICON_NAME = AppIcon;
				DEVELOPMENT_TEAM = ZTV6QXXYAS;
				INFOPLIST_FILE = BBCodeCoverage/Info.plist;
				LD_RUNPATH_SEARCH_PATHS = "$(inherited) @executable_path/Frameworks";
				PRODUCT_BUNDLE_IDENTIFIER = com.davidkwlam.BBCodeCoverage;
				PRODUCT_NAME = "$(TARGET_NAME)";
				SWIFT_VERSION = 3.0;
			};
			name = Debug;
		};
		644A91751E43FF3C0060F6E1 /* Release */ = {
			isa = XCBuildConfiguration;
			baseConfigurationReference = DCD3DA294A6E3C59432388EF /* Pods-BBCodeCoverage.release.xcconfig */;
			buildSettings = {
				ASSETCATALOG_COMPILER_APPICON_NAME = AppIcon;
				DEVELOPMENT_TEAM = ZTV6QXXYAS;
				INFOPLIST_FILE = BBCodeCoverage/Info.plist;
				LD_RUNPATH_SEARCH_PATHS = "$(inherited) @executable_path/Frameworks";
				PRODUCT_BUNDLE_IDENTIFIER = com.davidkwlam.BBCodeCoverage;
				PRODUCT_NAME = "$(TARGET_NAME)";
				SWIFT_VERSION = 3.0;
			};
			name = Release;
		};
		644A91771E43FF3C0060F6E1 /* Debug */ = {
			isa = XCBuildConfiguration;
			baseConfigurationReference = F4A358C14A927AB7AE5C592D /* Pods-BBCodeCoverageTests.debug.xcconfig */;
			buildSettings = {
				ALWAYS_EMBED_SWIFT_STANDARD_LIBRARIES = YES;
				BUNDLE_LOADER = "$(TEST_HOST)";
				DEVELOPMENT_TEAM = ZTV6QXXYAS;
				INFOPLIST_FILE = BBCodeCoverageTests/Info.plist;
				LD_RUNPATH_SEARCH_PATHS = "$(inherited) @executable_path/Frameworks @loader_path/Frameworks";
				PRODUCT_BUNDLE_IDENTIFIER = com.davidkwlam.BBCodeCoverageTests;
				PRODUCT_NAME = "$(TARGET_NAME)";
				SWIFT_VERSION = 3.0;
				TEST_HOST = "$(BUILT_PRODUCTS_DIR)/BBCodeCoverage.app/BBCodeCoverage";
			};
			name = Debug;
		};
		644A91781E43FF3C0060F6E1 /* Release */ = {
			isa = XCBuildConfiguration;
			baseConfigurationReference = 45B248065447F859418FC504 /* Pods-BBCodeCoverageTests.release.xcconfig */;
			buildSettings = {
				ALWAYS_EMBED_SWIFT_STANDARD_LIBRARIES = YES;
				BUNDLE_LOADER = "$(TEST_HOST)";
				DEVELOPMENT_TEAM = ZTV6QXXYAS;
				INFOPLIST_FILE = BBCodeCoverageTests/Info.plist;
				LD_RUNPATH_SEARCH_PATHS = "$(inherited) @executable_path/Frameworks @loader_path/Frameworks";
				PRODUCT_BUNDLE_IDENTIFIER = com.davidkwlam.BBCodeCoverageTests;
				PRODUCT_NAME = "$(TARGET_NAME)";
				SWIFT_VERSION = 3.0;
				TEST_HOST = "$(BUILT_PRODUCTS_DIR)/BBCodeCoverage.app/BBCodeCoverage";
			};
			name = Release;
		};
		644A917A1E43FF3C0060F6E1 /* Debug */ = {
			isa = XCBuildConfiguration;
			baseConfigurationReference = 9512843BE2A141787157F471 /* Pods-BBCodeCoverageUITests.debug.xcconfig */;
			buildSettings = {
				ALWAYS_EMBED_SWIFT_STANDARD_LIBRARIES = YES;
				DEVELOPMENT_TEAM = ZTV6QXXYAS;
				INFOPLIST_FILE = BBCodeCoverageUITests/Info.plist;
				LD_RUNPATH_SEARCH_PATHS = "$(inherited) @executable_path/Frameworks @loader_path/Frameworks";
				PRODUCT_BUNDLE_IDENTIFIER = com.davidkwlam.BBCodeCoverageUITests;
				PRODUCT_NAME = "$(TARGET_NAME)";
				SWIFT_VERSION = 3.0;
				TEST_TARGET_NAME = BBCodeCoverage;
			};
			name = Debug;
		};
		644A917B1E43FF3C0060F6E1 /* Release */ = {
			isa = XCBuildConfiguration;
			baseConfigurationReference = 854B084B2B97B7A4E80F8CBA /* Pods-BBCodeCoverageUITests.release.xcconfig */;
			buildSettings = {
				ALWAYS_EMBED_SWIFT_STANDARD_LIBRARIES = YES;
				DEVELOPMENT_TEAM = ZTV6QXXYAS;
				INFOPLIST_FILE = BBCodeCoverageUITests/Info.plist;
				LD_RUNPATH_SEARCH_PATHS = "$(inherited) @executable_path/Frameworks @loader_path/Frameworks";
				PRODUCT_BUNDLE_IDENTIFIER = com.davidkwlam.BBCodeCoverageUITests;
				PRODUCT_NAME = "$(TARGET_NAME)";
				SWIFT_VERSION = 3.0;
				TEST_TARGET_NAME = BBCodeCoverage;
			};
			name = Release;
		};
/* End XCBuildConfiguration section */

/* Begin XCConfigurationList section */
		644A91461E43FF3C0060F6E1 /* Build configuration list for PBXProject "BBCodeCoverage" */ = {
			isa = XCConfigurationList;
			buildConfigurations = (
				644A91711E43FF3C0060F6E1 /* Debug */,
				644A91721E43FF3C0060F6E1 /* Release */,
			);
			defaultConfigurationIsVisible = 0;
			defaultConfigurationName = Release;
		};
		644A91731E43FF3C0060F6E1 /* Build configuration list for PBXNativeTarget "BBCodeCoverage" */ = {
			isa = XCConfigurationList;
			buildConfigurations = (
				644A91741E43FF3C0060F6E1 /* Debug */,
				644A91751E43FF3C0060F6E1 /* Release */,
			);
			defaultConfigurationIsVisible = 0;
		};
		644A91761E43FF3C0060F6E1 /* Build configuration list for PBXNativeTarget "BBCodeCoverageTests" */ = {
			isa = XCConfigurationList;
			buildConfigurations = (
				644A91771E43FF3C0060F6E1 /* Debug */,
				644A91781E43FF3C0060F6E1 /* Release */,
			);
			defaultConfigurationIsVisible = 0;
		};
		644A91791E43FF3C0060F6E1 /* Build configuration list for PBXNativeTarget "BBCodeCoverageUITests" */ = {
			isa = XCConfigurationList;
			buildConfigurations = (
				644A917A1E43FF3C0060F6E1 /* Debug */,
				644A917B1E43FF3C0060F6E1 /* Release */,
			);
			defaultConfigurationIsVisible = 0;
		};
/* End XCConfigurationList section */
	};
	rootObject = 644A91431E43FF3C0060F6E1 /* Project object */;
}
