PODS:
  - CocoaLumberjack/Core (3.0.0)
  - CocoaLumberjack/Default (3.0.0):
    - CocoaLumberjack/Core
  - CocoaLumberjack/Extensions (3.0.0):
    - CocoaLumberjack/Default
  - CocoaLumberjack/Swift (3.0.0):
    - CocoaLumberjack/Extensions

DEPENDENCIES:
  - CocoaLumberjack/Swift (~> 3.0.0)

SPEC CHECKSUMS:
  CocoaLumberjack: c823149bccc5519a9447aeb433be7b1212a7d6a5

PODFILE CHECKSUM: 287ec85d2568e3b3dedc2ee54947c253ed8c49b4

COCOAPODS: 1.1.1
